// !$*UTF8*$!
{
	archiveVersion = 1;
	classes = {
	};
	objectVersion = 48;
	objects = {

/* Begin PBXBuildFile section */
		3F989410205AACE200C0C9D9 /* ALSeasonsVC.swift in Sources */ = {isa = PBXBuildFile; fileRef = 3F98940F205AACE200C0C9D9 /* ALSeasonsVC.swift */; };
		3F989412205AB47300C0C9D9 /* CowsAgesVC.swift in Sources */ = {isa = PBXBuildFile; fileRef = 3F989411205AB47300C0C9D9 /* CowsAgesVC.swift */; };
		3F989414205AC1E500C0C9D9 /* HorsesAgesVC.swift in Sources */ = {isa = PBXBuildFile; fileRef = 3F989413205AC1E500C0C9D9 /* HorsesAgesVC.swift */; };
		3FAA20A62063C0C100194850 /* CowsAges.swift in Sources */ = {isa = PBXBuildFile; fileRef = 3FAA20A52063C0C100194850 /* CowsAges.swift */; };
		3FAA20A82063C27800194850 /* HorsesAges.swift in Sources */ = {isa = PBXBuildFile; fileRef = 3FAA20A72063C27800194850 /* HorsesAges.swift */; };
		3FC6294A204854450023D609 /* AppDelegate.swift in Sources */ = {isa = PBXBuildFile; fileRef = 3FC62949204854450023D609 /* AppDelegate.swift */; };
		3FC6294C204854450023D609 /* MenuVC.swift in Sources */ = {isa = PBXBuildFile; fileRef = 3FC6294B204854450023D609 /* MenuVC.swift */; };
		3FC6294F204854450023D609 /* Main.storyboard in Resources */ = {isa = PBXBuildFile; fileRef = 3FC6294D204854450023D609 /* Main.storyboard */; };
		3FC62951204854450023D609 /* Assets.xcassets in Resources */ = {isa = PBXBuildFile; fileRef = 3FC62950204854450023D609 /* Assets.xcassets */; };
		3FC62954204854450023D609 /* LaunchScreen.storyboard in Resources */ = {isa = PBXBuildFile; fileRef = 3FC62952204854450023D609 /* LaunchScreen.storyboard */; };
		3FC6295C204856680023D609 /* cow-icon.png in Resources */ = {isa = PBXBuildFile; fileRef = 3FC6295B204856680023D609 /* cow-icon.png */; };
		3FC6295F20485D640023D609 /* SeasonsVC.swift in Sources */ = {isa = PBXBuildFile; fileRef = 3FC6295E20485D640023D609 /* SeasonsVC.swift */; };
/* End PBXBuildFile section */

/* Begin PBXFileReference section */
		3F98940F205AACE200C0C9D9 /* ALSeasonsVC.swift */ = {isa = PBXFileReference; lastKnownFileType = sourcecode.swift; path = ALSeasonsVC.swift; sourceTree = "<group>"; };
		3F989411205AB47300C0C9D9 /* CowsAgesVC.swift */ = {isa = PBXFileReference; lastKnownFileType = sourcecode.swift; path = CowsAgesVC.swift; sourceTree = "<group>"; };
		3F989413205AC1E500C0C9D9 /* HorsesAgesVC.swift */ = {isa = PBXFileReference; lastKnownFileType = sourcecode.swift; path = HorsesAgesVC.swift; sourceTree = "<group>"; };
		3FAA20A52063C0C100194850 /* CowsAges.swift */ = {isa = PBXFileReference; lastKnownFileType = sourcecode.swift; path = CowsAges.swift; sourceTree = "<group>"; };
		3FAA20A72063C27800194850 /* HorsesAges.swift */ = {isa = PBXFileReference; lastKnownFileType = sourcecode.swift; path = HorsesAges.swift; sourceTree = "<group>"; };
		3FC62946204854450023D609 /* fermach.app */ = {isa = PBXFileReference; explicitFileType = wrapper.application; includeInIndex = 0; path = fermach.app; sourceTree = BUILT_PRODUCTS_DIR; };
		3FC62949204854450023D609 /* AppDelegate.swift */ = {isa = PBXFileReference; lastKnownFileType = sourcecode.swift; path = AppDelegate.swift; sourceTree = "<group>"; };
		3FC6294B204854450023D609 /* MenuVC.swift */ = {isa = PBXFileReference; lastKnownFileType = sourcecode.swift; path = MenuVC.swift; sourceTree = "<group>"; };
		3FC6294E204854450023D609 /* Base */ = {isa = PBXFileReference; lastKnownFileType = file.storyboard; name = Base; path = Base.lproj/Main.storyboard; sourceTree = "<group>"; };
		3FC62950204854450023D609 /* Assets.xcassets */ = {isa = PBXFileReference; lastKnownFileType = folder.assetcatalog; path = Assets.xcassets; sourceTree = "<group>"; };
		3FC62953204854450023D609 /* Base */ = {isa = PBXFileReference; lastKnownFileType = file.storyboard; name = Base; path = Base.lproj/LaunchScreen.storyboard; sourceTree = "<group>"; };
		3FC62955204854450023D609 /* Info.plist */ = {isa = PBXFileReference; lastKnownFileType = text.plist.xml; path = Info.plist; sourceTree = "<group>"; };
		3FC6295B204856680023D609 /* cow-icon.png */ = {isa = PBXFileReference; lastKnownFileType = image.png; path = "cow-icon.png"; sourceTree = "<group>"; };
		3FC6295E20485D640023D609 /* SeasonsVC.swift */ = {isa = PBXFileReference; lastKnownFileType = sourcecode.swift; path = SeasonsVC.swift; sourceTree = "<group>"; };
/* End PBXFileReference section */

/* Begin PBXFrameworksBuildPhase section */
		3FC62943204854450023D609 /* Frameworks */ = {
			isa = PBXFrameworksBuildPhase;
			buildActionMask = 2147483647;
			files = (
			);
			runOnlyForDeploymentPostprocessing = 0;
		};
/* End PBXFrameworksBuildPhase section */

/* Begin PBXGroup section */
		3FC6293D204854450023D609 = {
			isa = PBXGroup;
			children = (
				3FC62948204854450023D609 /* fermach */,
				3FC62947204854450023D609 /* Products */,
			);
			sourceTree = "<group>";
		};
		3FC62947204854450023D609 /* Products */ = {
			isa = PBXGroup;
			children = (
				3FC62946204854450023D609 /* fermach.app */,
			);
			name = Products;
			sourceTree = "<group>";
		};
		3FC62948204854450023D609 /* fermach */ = {
			isa = PBXGroup;
			children = (
				3FC6295E20485D640023D609 /* SeasonsVC.swift */,
				3F98940F205AACE200C0C9D9 /* ALSeasonsVC.swift */,
				3FC62949204854450023D609 /* AppDelegate.swift */,
				3FC6294B204854450023D609 /* MenuVC.swift */,
				3F989411205AB47300C0C9D9 /* CowsAgesVC.swift */,
				3FAA20A52063C0C100194850 /* CowsAges.swift */,
				3F989413205AC1E500C0C9D9 /* HorsesAgesVC.swift */,
				3FAA20A72063C27800194850 /* HorsesAges.swift */,
				3FC6294D204854450023D609 /* Main.storyboard */,
				3FC62950204854450023D609 /* Assets.xcassets */,
				3FC62952204854450023D609 /* LaunchScreen.storyboard */,
				3FC62955204854450023D609 /* Info.plist */,
				3FC6295D204856720023D609 /* Icons */,
			);
			path = fermach;
			sourceTree = "<group>";
		};
		3FC6295D204856720023D609 /* Icons */ = {
			isa = PBXGroup;
			children = (
				3FC6295B204856680023D609 /* cow-icon.png */,
			);
			path = Icons;
			sourceTree = "<group>";
		};
/* End PBXGroup section */

/* Begin PBXNativeTarget section */
		3FC62945204854450023D609 /* fermach */ = {
			isa = PBXNativeTarget;
			buildConfigurationList = 3FC62958204854450023D609 /* Build configuration list for PBXNativeTarget "fermach" */;
			buildPhases = (
				3FC62942204854450023D609 /* Sources */,
				3FC62943204854450023D609 /* Frameworks */,
				3FC62944204854450023D609 /* Resources */,
			);
			buildRules = (
			);
			dependencies = (
			);
			name = fermach;
			productName = fermach;
			productReference = 3FC62946204854450023D609 /* fermach.app */;
			productType = "com.apple.product-type.application";
		};
/* End PBXNativeTarget section */

/* Begin PBXProject section */
		3FC6293E204854450023D609 /* Project object */ = {
			isa = PBXProject;
			attributes = {
				LastSwiftUpdateCheck = 0920;
				LastUpgradeCheck = 0920;
				ORGANIZATIONNAME = "Savva Zenkin";
				TargetAttributes = {
					3FC62945204854450023D609 = {
						CreatedOnToolsVersion = 9.2;
						ProvisioningStyle = Automatic;
					};
				};
			};
			buildConfigurationList = 3FC62941204854450023D609 /* Build configuration list for PBXProject "fermach" */;
			compatibilityVersion = "Xcode 8.0";
			developmentRegion = en;
			hasScannedForEncodings = 0;
			knownRegions = (
				en,
				Base,
			);
			mainGroup = 3FC6293D204854450023D609;
			productRefGroup = 3FC62947204854450023D609 /* Products */;
			projectDirPath = "";
			projectRoot = "";
			targets = (
				3FC62945204854450023D609 /* fermach */,
			);
		};
/* End PBXProject section */

/* Begin PBXResourcesBuildPhase section */
		3FC62944204854450023D609 /* Resources */ = {
			isa = PBXResourcesBuildPhase;
			buildActionMask = 2147483647;
			files = (
				3FC62954204854450023D609 /* LaunchScreen.storyboard in Resources */,
				3FC62951204854450023D609 /* Assets.xcassets in Resources */,
				3FC6295C204856680023D609 /* cow-icon.png in Resources */,
				3FC6294F204854450023D609 /* Main.storyboard in Resources */,
			);
			runOnlyForDeploymentPostprocessing = 0;
		};
/* End PBXResourcesBuildPhase section */

/* Begin PBXSourcesBuildPhase section */
		3FC62942204854450023D609 /* Sources */ = {
			isa = PBXSourcesBuildPhase;
			buildActionMask = 2147483647;
			files = (
				3FC6294C204854450023D609 /* MenuVC.swift in Sources */,
				3F989412205AB47300C0C9D9 /* CowsAgesVC.swift in Sources */,
				3FAA20A62063C0C100194850 /* CowsAges.swift in Sources */,
				3F989414205AC1E500C0C9D9 /* HorsesAgesVC.swift in Sources */,
				3F989410205AACE200C0C9D9 /* ALSeasonsVC.swift in Sources */,
				3FC6294A204854450023D609 /* AppDelegate.swift in Sources */,
				3FC6295F20485D640023D609 /* SeasonsVC.swift in Sources */,
				3FAA20A82063C27800194850 /* HorsesAges.swift in Sources */,
			);
			runOnlyForDeploymentPostprocessing = 0;
		};
/* End PBXSourcesBuildPhase section */

/* Begin PBXVariantGroup section */
		3FC6294D204854450023D609 /* Main.storyboard */ = {
			isa = PBXVariantGroup;
			children = (
				3FC6294E204854450023D609 /* Base */,
			);
			name = Main.storyboard;
			sourceTree = "<group>";
		};
		3FC62952204854450023D609 /* LaunchScreen.storyboard */ = {
			isa = PBXVariantGroup;
			children = (
				3FC62953204854450023D609 /* Base */,
			);
			name = LaunchScreen.storyboard;
			sourceTree = "<group>";
		};
/* End PBXVariantGroup section */

/* Begin XCBuildConfiguration section */
		3FC62956204854450023D609 /* Debug */ = {
			isa = XCBuildConfiguration;
			buildSettings = {
				ALWAYS_SEARCH_USER_PATHS = NO;
				CLANG_ANALYZER_NONNULL = YES;
				CLANG_ANALYZER_NUMBER_OBJECT_CONVERSION = YES_AGGRESSIVE;
				CLANG_CXX_LANGUAGE_STANDARD = "gnu++14";
				CLANG_CXX_LIBRARY = "libc++";
				CLANG_ENABLE_MODULES = YES;
				CLANG_ENABLE_OBJC_ARC = YES;
				CLANG_WARN_BLOCK_CAPTURE_AUTORELEASING = YES;
				CLANG_WARN_BOOL_CONVERSION = YES;
				CLANG_WARN_COMMA = YES;
				CLANG_WARN_CONSTANT_CONVERSION = YES;
				CLANG_WARN_DIRECT_OBJC_ISA_USAGE = YES_ERROR;
				CLANG_WARN_DOCUMENTATION_COMMENTS = YES;
				CLANG_WARN_EMPTY_BODY = YES;
				CLANG_WARN_ENUM_CONVERSION = YES;
				CLANG_WARN_INFINITE_RECURSION = YES;
				CLANG_WARN_INT_CONVERSION = YES;
				CLANG_WARN_NON_LITERAL_NULL_CONVERSION = YES;
				CLANG_WARN_OBJC_LITERAL_CONVERSION = YES;
				CLANG_WARN_OBJC_ROOT_CLASS = YES_ERROR;
				CLANG_WARN_RANGE_LOOP_ANALYSIS = YES;
				CLANG_WARN_STRICT_PROTOTYPES = YES;
				CLANG_WARN_SUSPICIOUS_MOVE = YES;
				CLANG_WARN_UNGUARDED_AVAILABILITY = YES_AGGRESSIVE;
				CLANG_WARN_UNREACHABLE_CODE = YES;
				CLANG_WARN__DUPLICATE_METHOD_MATCH = YES;
				CODE_SIGN_IDENTITY = "iPhone Developer";
				COPY_PHASE_STRIP = NO;
				DEBUG_INFORMATION_FORMAT = dwarf;
				ENABLE_STRICT_OBJC_MSGSEND = YES;
				ENABLE_TESTABILITY = YES;
				GCC_C_LANGUAGE_STANDARD = gnu11;
				GCC_DYNAMIC_NO_PIC = NO;
				GCC_NO_COMMON_BLOCKS = YES;
				GCC_OPTIMIZATION_LEVEL = 0;
				GCC_PREPROCESSOR_DEFINITIONS = (
					"DEBUG=1",
					"$(inherited)",
				);
				GCC_WARN_64_TO_32_BIT_CONVERSION = YES;
				GCC_WARN_ABOUT_RETURN_TYPE = YES_ERROR;
				GCC_WARN_UNDECLARED_SELECTOR = YES;
				GCC_WARN_UNINITIALIZED_AUTOS = YES_AGGRESSIVE;
				GCC_WARN_UNUSED_FUNCTION = YES;
				GCC_WARN_UNUSED_VARIABLE = YES;
				IPHONEOS_DEPLOYMENT_TARGET = 11.2;
				MTL_ENABLE_DEBUG_INFO = YES;
				ONLY_ACTIVE_ARCH = YES;
				SDKROOT = iphoneos;
				SWIFT_ACTIVE_COMPILATION_CONDITIONS = DEBUG;
				SWIFT_OPTIMIZATION_LEVEL = "-Onone";
			};
			name = Debug;
		};
		3FC62957204854450023D609 /* Release */ = {
			isa = XCBuildConfiguration;
			buildSettings = {
				ALWAYS_SEARCH_USER_PATHS = NO;
				CLANG_ANALYZER_NONNULL = YES;
				CLANG_ANALYZER_NUMBER_OBJECT_CONVERSION = YES_AGGRESSIVE;
				CLANG_CXX_LANGUAGE_STANDARD = "gnu++14";
				CLANG_CXX_LIBRARY = "libc++";
				CLANG_ENABLE_MODULES = YES;
				CLANG_ENABLE_OBJC_ARC = YES;
				CLANG_WARN_BLOCK_CAPTURE_AUTORELEASING = YES;
				CLANG_WARN_BOOL_CONVERSION = YES;
				CLANG_WARN_COMMA = YES;
				CLANG_WARN_CONSTANT_CONVERSION = YES;
				CLANG_WARN_DIRECT_OBJC_ISA_USAGE = YES_ERROR;
				CLANG_WARN_DOCUMENTATION_COMMENTS = YES;
				CLANG_WARN_EMPTY_BODY = YES;
				CLANG_WARN_ENUM_CONVERSION = YES;
				CLANG_WARN_INFINITE_RECURSION = YES;
				CLANG_WARN_INT_CONVERSION = YES;
				CLANG_WARN_NON_LITERAL_NULL_CONVERSION = YES;
				CLANG_WARN_OBJC_LITERAL_CONVERSION = YES;
				CLANG_WARN_OBJC_ROOT_CLASS = YES_ERROR;
				CLANG_WARN_RANGE_LOOP_ANALYSIS = YES;
				CLANG_WARN_STRICT_PROTOTYPES = YES;
				CLANG_WARN_SUSPICIOUS_MOVE = YES;
				CLANG_WARN_UNGUARDED_AVAILABILITY = YES_AGGRESSIVE;
				CLANG_WARN_UNREACHABLE_CODE = YES;
				CLANG_WARN__DUPLICATE_METHOD_MATCH = YES;
				CODE_SIGN_IDENTITY = "iPhone Developer";
				COPY_PHASE_STRIP = NO;
				DEBUG_INFORMATION_FORMAT = "dwarf-with-dsym";
				ENABLE_NS_ASSERTIONS = NO;
				ENABLE_STRICT_OBJC_MSGSEND = YES;
				GCC_C_LANGUAGE_STANDARD = gnu11;
				GCC_NO_COMMON_BLOCKS = YES;
				GCC_WARN_64_TO_32_BIT_CONVERSION = YES;
				GCC_WARN_ABOUT_RETURN_TYPE = YES_ERROR;
				GCC_WARN_UNDECLARED_SELECTOR = YES;
				GCC_WARN_UNINITIALIZED_AUTOS = YES_AGGRESSIVE;
				GCC_WARN_UNUSED_FUNCTION = YES;
				GCC_WARN_UNUSED_VARIABLE = YES;
				IPHONEOS_DEPLOYMENT_TARGET = 11.2;
				MTL_ENABLE_DEBUG_INFO = NO;
				SDKROOT = iphoneos;
				SWIFT_OPTIMIZATION_LEVEL = "-Owholemodule";
				VALIDATE_PRODUCT = YES;
			};
			name = Release;
		};
		3FC62959204854450023D609 /* Debug */ = {
			isa = XCBuildConfiguration;
			buildSettings = {
				ASSETCATALOG_COMPILER_APPICON_NAME = AppIcon;
				CODE_SIGN_STYLE = Automatic;
				DEVELOPMENT_TEAM = M326LH9Q2Q;
				INFOPLIST_FILE = fermach/Info.plist;
				LD_RUNPATH_SEARCH_PATHS = "$(inherited) @executable_path/Frameworks";
				PRODUCT_BUNDLE_IDENTIFIER = "com-.exampie.fermach";
				PRODUCT_NAME = "$(TARGET_NAME)";
				SWIFT_VERSION = 4.0;
				TARGETED_DEVICE_FAMILY = "1,2";
			};
			name = Debug;
		};
		3FC6295A204854450023D609 /* Release */ = {
			isa = XCBuildConfiguration;
			buildSettings = {
				ASSETCATALOG_COMPILER_APPICON_NAME = AppIcon;
				CODE_SIGN_STYLE = Automatic;
				DEVELOPMENT_TEAM = M326LH9Q2Q;
				INFOPLIST_FILE = fermach/Info.plist;
				LD_RUNPATH_SEARCH_PATHS = "$(inherited) @executable_path/Frameworks";
				PRODUCT_BUNDLE_IDENTIFIER = "com-.exampie.fermach";
				PRODUCT_NAME = "$(TARGET_NAME)";
				SWIFT_VERSION = 4.0;
				TARGETED_DEVICE_FAMILY = "1,2";
			};
			name = Release;
		};
/* End XCBuildConfiguration section */

/* Begin XCConfigurationList section */
		3FC62941204854450023D609 /* Build configuration list for PBXProject "fermach" */ = {
			isa = XCConfigurationList;
			buildConfigurations = (
				3FC62956204854450023D609 /* Debug */,
				3FC62957204854450023D609 /* Release */,
			);
			defaultConfigurationIsVisible = 0;
			defaultConfigurationName = Release;
		};
		3FC62958204854450023D609 /* Build configuration list for PBXNativeTarget "fermach" */ = {
			isa = XCConfigurationList;
			buildConfigurations = (
				3FC62959204854450023D609 /* Debug */,
				3FC6295A204854450023D609 /* Release */,
			);
			defaultConfigurationIsVisible = 0;
			defaultConfigurationName = Release;
		};
/* End XCConfigurationList section */
	};
	rootObject = 3FC6293E204854450023D609 /* Project object */;
}
